# This file was autogenerated by Stack.
# You should not edit this file by hand.
# For more information, please see the documentation at:
#   https://docs.haskellstack.org/en/stable/lock_files

packages:
- completed:
    hackage: heist-1.1.0.1@sha256:7355cf8c1a7ef84c0c800c0539f7b99e7e540cace697238009a2dea1f05231f1,9311
    pantry-tree:
      size: 7354
      sha256: a2635ed49de6debaf8b98189989f83ab58dcc125c6ae8e57f6fe0903bc7fa8ff
  original:
    hackage: heist-1.1.0.1
- completed:
    hackage: map-syntax-0.3@sha256:9b92c51bcaf1d55f60f8aaef9a96adb29acb77112631fa4110fd5dcae54be7a6,2420
    pantry-tree:
      size: 558
      sha256: bed5e77f083feeda1c13daf961d29ca1fbe96b7a87302c416fb1122a99d779cb
  original:
    hackage: map-syntax-0.3
- completed:
    hackage: happstack-server-7.6.0@sha256:e031f81e859558ef945baa437f2c0a85750a06041a805b5508b06dbc459c5a8a,6381
    pantry-tree:
      size: 3060
      sha256: 643f83c7bb1cf294e71bb9421ba747bf7831083967ea10267db0cb9a0411c1e7
  original:
    hackage: happstack-server-7.6.0
- completed:
    hackage: xmlhtml-0.2.5.2@sha256:3f0990f725551985d777e8edb5563fe99aee998f1fde6a7633f720f76df54701,46997
    pantry-tree:
      size: 61835
      sha256: bb1bd95db3738e18d112bbc9724510ee64a51b7eda61494507f4957c5e2281f6
  original:
    hackage: xmlhtml-0.2.5.2
snapshots:
- completed:
    size: 491387
    url: https://raw.githubusercontent.com/commercialhaskell/stackage-snapshots/master/lts/15/6.yaml
    sha256: 8d81505a6de861e167a58534ab62330afb75bfa108735c7db1204f7ef2a39d79
  original: lts-15.6
